{
  "name": "ts-model-project",
  "version": "0.0.0",
  "lockfileVersion": 1,
  "requires": true,
  "dependencies": {
    "@rick.info.dev/lib-general-es5": {
      "version": "0.0.0",
      "resolved": "https://registry.npmjs.org/@rick.info.dev/lib-general-es5/-/lib-general-es5-0.0.0.tgz",
      "integrity": "sha512-hCJgbiX88EX/NBs0zbHImMqxalJH8EFpM41ebPX/ZiH9QPcroois+kzRzRO3tJPeYjLBrpvXHDI9mjEFsfxVlQ=="
    },
    "@rick.info.dev/lib-general-es6": {
      "version": "0.0.1",
      "resolved": "https://registry.npmjs.org/@rick.info.dev/lib-general-es6/-/lib-general-es6-0.0.1.tgz",
      "integrity": "sha512-g+5igldES6QcFHyaZleUes5Ajk8mXUDSoCNGeWEk+PKbEpeUTOl98W1IjiUlYbbqJPG9anRKKs93u2fSL+IbKg==",
      "requires": {
        "@rick.info.dev/lib-general-es5": "^0.0.0"
      }
    }
  }
}
